
Microsoft Visual Studio Solution File, Format Version 12.00
# Visual Studio 15
VisualStudioVersion = 15.0.27130.2003
MinimumVisualStudioVersion = 10.0.40219.1
Project("{FAE04EC0-301F-11D3-BF4B-00C04F79EFBC}") = "ComOverseer", "ComOverseer\ComOverseer.csproj", "{26C004F6-C62C-4851-AAC4-616F43AEF923}"
EndProject
Global
	GlobalSection(SolutionConfigurationPlatforms) = preSolution
		Debug|Any CPU = Debug|Any CPU
		Release|Any CPU = Release|Any CPU
	EndGlobalSection
	GlobalSection(ProjectConfigurationPlatforms) = postSolution
		{26C004F6-C62C-4851-AAC4-616F43AEF923}.Debug|Any CPU.ActiveCfg = Debug|Any CPU
		{26C004F6-C62C-4851-AAC4-616F43AEF923}.Debug|Any CPU.Build.0 = Debug|Any CPU
		{26C004F6-C62C-4851-AAC4-616F43AEF923}.Release|Any CPU.ActiveCfg = Release|Any CPU
		{26C004F6-C62C-4851-AAC4-616F43AEF923}.Release|Any CPU.Build.0 = Release|Any CPU
	EndGlobalSection
	GlobalSection(SolutionProperties) = preSolution
		HideSolutionNode = FALSE
	EndGlobalSection
	GlobalSection(ExtensibilityGlobals) = postSolution
		SolutionGuid = {1E33BBD6-6071-463C-BE6E-9EFB576568A0}
	EndGlobalSection
EndGlobal
